// !$*UTF8*$!
{
	archiveVersion = 1;
	classes = {
	};
	objectVersion = 46;
	objects = {

/* Begin PBXBuildFile section */
		144B48261A78F71F00C0E06B /* MainWindow.xib in Resources */ = {isa = PBXBuildFile; fileRef = 28AD733E0D9D9553002E5188 /* MainWindow.xib */; };
		144B48271A78F71F00C0E06B /* TestSelect.xib in Resources */ = {isa = PBXBuildFile; fileRef = 34B7662B0E8D55FE00CE4701 /* TestSelect.xib */; };
		144B48281A78F71F00C0E06B /* icon.png in Resources */ = {isa = PBXBuildFile; fileRef = 342EB9ED0E9261A3000051FA /* icon.png */; };
		144B482A1A78F71F00C0E06B /* s_rsa1024.pfx in Resources */ = {isa = PBXBuildFile; fileRef = 342EBA880E926E9F000051FA /* s_rsa1024.pfx */; };
		144B482B1A78F71F00C0E06B /* cacert.der in Resources */ = {isa = PBXBuildFile; fileRef = 342EBA8A0E926F90000051FA /* cacert.der */; };
		144B482C1A78F71F00C0E06B /* TestSelect-iPad.xib in Resources */ = {isa = PBXBuildFile; fileRef = 34730A10122BF6C300D293CC /* TestSelect-iPad.xib */; };
		144B482D1A78F71F00C0E06B /* MainWindow-iPad.xib in Resources */ = {isa = PBXBuildFile; fileRef = 34C618AE122C035000F60A28 /* MainWindow-iPad.xib */; };
		144B482E1A78F71F00C0E06B /* TestView.xib in Resources */ = {isa = PBXBuildFile; fileRef = 82CD7277145795AA008B9128 /* TestView.xib */; };
		144B482F1A78F71F00C0E06B /* TestView-iPad.xib in Resources */ = {isa = PBXBuildFile; fileRef = 82F883221461D37000FC801E /* TestView-iPad.xib */; };
		144B48301A78F71F00C0E06B /* Default-568h@2x.png in Resources */ = {isa = PBXBuildFile; fileRef = 14060BD6161D5F290077BEE0 /* Default-568h@2x.png */; };
		144B48311A78F71F00C0E06B /* Images.xcassets in Resources */ = {isa = PBXBuildFile; fileRef = 82D53AA81823269B00703264 /* Images.xcassets */; };
		144B48331A78F71F00C0E06B /* main.m in Sources */ = {isa = PBXBuildFile; fileRef = 820C84641455AC460091443F /* main.m */; };
		144B48341A78F71F00C0E06B /* AppDelegate.mm in Sources */ = {isa = PBXBuildFile; fileRef = 82601FF314564F5500B09B8F /* AppDelegate.mm */; };
		144B48351A78F71F00C0E06B /* TestViewController.mm in Sources */ = {isa = PBXBuildFile; fileRef = 827BCF99145778A5003AD3FA /* TestViewController.mm */; };
		144B48361A78F71F00C0E06B /* TestSelectController.m in Sources */ = {isa = PBXBuildFile; fileRef = 8214397917024FDF0016E162 /* TestSelectController.m */; };
		144B48371A78F71F00C0E06B /* TestUtil.mm in Sources */ = {isa = PBXBuildFile; fileRef = 821439B61704E6960016E162 /* TestUtil.mm */; };
		144B48391A78F71F00C0E06B /* Foundation.framework in Frameworks */ = {isa = PBXBuildFile; fileRef = 1D30AB110D05D00D00671497 /* Foundation.framework */; };
		144B483A1A78F71F00C0E06B /* UIKit.framework in Frameworks */ = {isa = PBXBuildFile; fileRef = 1DF5F4DF0D08C38300B7A737 /* UIKit.framework */; };
		144B483B1A78F71F00C0E06B /* Security.framework in Frameworks */ = {isa = PBXBuildFile; fileRef = 344126360FD8E8EA00C8D69C /* Security.framework */; };
		144B483C1A78F71F00C0E06B /* CFNetwork.framework in Frameworks */ = {isa = PBXBuildFile; fileRef = 344126370FD8E8EA00C8D69C /* CFNetwork.framework */; };
		144B483D1A78F71F00C0E06B /* CoreGraphics.framework in Frameworks */ = {isa = PBXBuildFile; fileRef = 34E396620FF1D71400FBACD6 /* CoreGraphics.framework */; };
		1450A10C1ABC5E9C00A71895 /* c_rsa1024.pfx in Resources */ = {isa = PBXBuildFile; fileRef = 1450A10B1ABC5E9C00A71895 /* c_rsa1024.pfx */; };
/* End PBXBuildFile section */

/* Begin PBXFileReference section */
		14060BD6161D5F290077BEE0 /* Default-568h@2x.png */ = {isa = PBXFileReference; lastKnownFileType = image.png; path = "Default-568h@2x.png"; sourceTree = "<group>"; };
		144B48931A78F71F00C0E06B /* container.app */ = {isa = PBXFileReference; explicitFileType = wrapper.application; includeInIndex = 0; path = container.app; sourceTree = BUILT_PRODUCTS_DIR; };
		1450A10B1ABC5E9C00A71895 /* c_rsa1024.pfx */ = {isa = PBXFileReference; lastKnownFileType = file; name = c_rsa1024.pfx; path = ../../../../../certs/c_rsa1024.pfx; sourceTree = "<group>"; };
		1477FACD1A652B7E00BC2890 /* container-Info.plist */ = {isa = PBXFileReference; lastKnownFileType = text.plist.xml; name = "container-Info.plist"; path = "/Users/benoit/Devel/git/iceobj/cpp/test/iPhone/container/container-Info.plist"; sourceTree = "<absolute>"; };
		1D30AB110D05D00D00671497 /* Foundation.framework */ = {isa = PBXFileReference; lastKnownFileType = wrapper.framework; name = Foundation.framework; path = System/Library/Frameworks/Foundation.framework; sourceTree = SDKROOT; };
		1DF5F4DF0D08C38300B7A737 /* UIKit.framework */ = {isa = PBXFileReference; lastKnownFileType = wrapper.framework; name = UIKit.framework; path = System/Library/Frameworks/UIKit.framework; sourceTree = SDKROOT; };
		28AD733E0D9D9553002E5188 /* MainWindow.xib */ = {isa = PBXFileReference; lastKnownFileType = file.xib; path = MainWindow.xib; sourceTree = "<group>"; };
		342EB9ED0E9261A3000051FA /* icon.png */ = {isa = PBXFileReference; lastKnownFileType = image.png; name = icon.png; path = Images/icon.png; sourceTree = "<group>"; };
		342EBA880E926E9F000051FA /* s_rsa1024.pfx */ = {isa = PBXFileReference; lastKnownFileType = file; name = s_rsa1024.pfx; path = ../../../../../certs/s_rsa1024.pfx; sourceTree = SOURCE_ROOT; };
		342EBA8A0E926F90000051FA /* cacert.der */ = {isa = PBXFileReference; lastKnownFileType = file; name = cacert.der; path = ../../../../../certs/cacert.der; sourceTree = SOURCE_ROOT; };
		344126360FD8E8EA00C8D69C /* Security.framework */ = {isa = PBXFileReference; lastKnownFileType = wrapper.framework; name = Security.framework; path = System/Library/Frameworks/Security.framework; sourceTree = SDKROOT; };
		344126370FD8E8EA00C8D69C /* CFNetwork.framework */ = {isa = PBXFileReference; lastKnownFileType = wrapper.framework; name = CFNetwork.framework; path = System/Library/Frameworks/CFNetwork.framework; sourceTree = SDKROOT; };
		34730A10122BF6C300D293CC /* TestSelect-iPad.xib */ = {isa = PBXFileReference; lastKnownFileType = file.xib; path = "TestSelect-iPad.xib"; sourceTree = "<group>"; };
		34885BE11227F66E0060DE41 /* ExternalAccessory.framework */ = {isa = PBXFileReference; lastKnownFileType = wrapper.framework; name = ExternalAccessory.framework; path = System/Library/Frameworks/ExternalAccessory.framework; sourceTree = SDKROOT; };
		34B7662B0E8D55FE00CE4701 /* TestSelect.xib */ = {isa = PBXFileReference; lastKnownFileType = file.xib; path = TestSelect.xib; sourceTree = "<group>"; };
		34C618AE122C035000F60A28 /* MainWindow-iPad.xib */ = {isa = PBXFileReference; lastKnownFileType = file.xib; path = "MainWindow-iPad.xib"; sourceTree = "<group>"; };
		34E396620FF1D71400FBACD6 /* CoreGraphics.framework */ = {isa = PBXFileReference; lastKnownFileType = wrapper.framework; name = CoreGraphics.framework; path = System/Library/Frameworks/CoreGraphics.framework; sourceTree = SDKROOT; };
		820C84641455AC460091443F /* main.m */ = {isa = PBXFileReference; fileEncoding = 4; lastKnownFileType = sourcecode.c.objc; path = main.m; sourceTree = "<group>"; };
		8214397917024FDF0016E162 /* TestSelectController.m */ = {isa = PBXFileReference; explicitFileType = sourcecode.cpp.objcpp; fileEncoding = 4; path = TestSelectController.m; sourceTree = "<group>"; };
		821439B51704E6950016E162 /* TestUtil.h */ = {isa = PBXFileReference; fileEncoding = 4; lastKnownFileType = sourcecode.c.h; path = TestUtil.h; sourceTree = "<group>"; };
		821439B61704E6960016E162 /* TestUtil.mm */ = {isa = PBXFileReference; fileEncoding = 4; lastKnownFileType = sourcecode.cpp.objcpp; path = TestUtil.mm; sourceTree = "<group>"; };
		82601FE71456320100B09B8F /* AppDelegate.h */ = {isa = PBXFileReference; fileEncoding = 4; lastKnownFileType = sourcecode.c.h; path = AppDelegate.h; sourceTree = "<group>"; };
		82601FEA14563AFE00B09B8F /* TestSelectController.h */ = {isa = PBXFileReference; fileEncoding = 4; lastKnownFileType = sourcecode.c.h; path = TestSelectController.h; sourceTree = "<group>"; };
		82601FEC14563AFF00B09B8F /* TestViewController.h */ = {isa = PBXFileReference; fileEncoding = 4; lastKnownFileType = sourcecode.c.h; path = TestViewController.h; sourceTree = "<group>"; };
		82601FF314564F5500B09B8F /* AppDelegate.mm */ = {isa = PBXFileReference; fileEncoding = 4; lastKnownFileType = sourcecode.cpp.objcpp; path = AppDelegate.mm; sourceTree = "<group>"; };
		827BCF99145778A5003AD3FA /* TestViewController.mm */ = {isa = PBXFileReference; fileEncoding = 4; lastKnownFileType = sourcecode.cpp.objcpp; path = TestViewController.mm; sourceTree = "<group>"; };
		82CD7277145795AA008B9128 /* TestView.xib */ = {isa = PBXFileReference; fileEncoding = 4; lastKnownFileType = file.xib; path = TestView.xib; sourceTree = "<group>"; };
		82D53AA81823269B00703264 /* Images.xcassets */ = {isa = PBXFileReference; lastKnownFileType = folder.assetcatalog; name = Images.xcassets; path = container/Images.xcassets; sourceTree = "<group>"; };
		82F883221461D37000FC801E /* TestView-iPad.xib */ = {isa = PBXFileReference; fileEncoding = 4; lastKnownFileType = file.xib; path = "TestView-iPad.xib"; sourceTree = "<group>"; };
/* End PBXFileReference section */

/* Begin PBXFrameworksBuildPhase section */
		144B48381A78F71F00C0E06B /* Frameworks */ = {
			isa = PBXFrameworksBuildPhase;
			buildActionMask = 2147483647;
			files = (
				144B48391A78F71F00C0E06B /* Foundation.framework in Frameworks */,
				144B483A1A78F71F00C0E06B /* UIKit.framework in Frameworks */,
				144B483B1A78F71F00C0E06B /* Security.framework in Frameworks */,
				144B483C1A78F71F00C0E06B /* CFNetwork.framework in Frameworks */,
				144B483D1A78F71F00C0E06B /* CoreGraphics.framework in Frameworks */,
			);
			runOnlyForDeploymentPostprocessing = 0;
		};
/* End PBXFrameworksBuildPhase section */

/* Begin PBXGroup section */
		080E96DDFE201D6D7F000001 /* Classes */ = {
			isa = PBXGroup;
			children = (
				821439B51704E6950016E162 /* TestUtil.h */,
				821439B61704E6960016E162 /* TestUtil.mm */,
				8214397917024FDF0016E162 /* TestSelectController.m */,
				827BCF99145778A5003AD3FA /* TestViewController.mm */,
				82601FF314564F5500B09B8F /* AppDelegate.mm */,
				82601FEA14563AFE00B09B8F /* TestSelectController.h */,
				82601FEC14563AFF00B09B8F /* TestViewController.h */,
				82601FE71456320100B09B8F /* AppDelegate.h */,
			);
			path = Classes;
			sourceTree = "<group>";
		};
		19C28FACFE9D520D11CA2CBB /* Products */ = {
			isa = PBXGroup;
			children = (
				144B48931A78F71F00C0E06B /* container.app */,
			);
			name = Products;
			sourceTree = "<group>";
		};
		29B97314FDCFA39411CA2CEA /* CustomTemplate */ = {
			isa = PBXGroup;
			children = (
				342EB9E60E92600E000051FA /* Images */,
				080E96DDFE201D6D7F000001 /* Classes */,
				29B97315FDCFA39411CA2CEA /* Other Sources */,
				29B97317FDCFA39411CA2CEA /* Resources */,
				34730A09122BF68100D293CC /* Resources-iPad */,
				29B97323FDCFA39411CA2CEA /* Frameworks */,
				19C28FACFE9D520D11CA2CBB /* Products */,
				1477FACD1A652B7E00BC2890 /* container-Info.plist */,
			);
			name = CustomTemplate;
			sourceTree = "<group>";
		};
		29B97315FDCFA39411CA2CEA /* Other Sources */ = {
			isa = PBXGroup;
			children = (
				820C84641455AC460091443F /* main.m */,
			);
			name = "Other Sources";
			sourceTree = "<group>";
		};
		29B97317FDCFA39411CA2CEA /* Resources */ = {
			isa = PBXGroup;
			children = (
				82D53AA81823269B00703264 /* Images.xcassets */,
				342EBA8A0E926F90000051FA /* cacert.der */,
				28AD733E0D9D9553002E5188 /* MainWindow.xib */,
				342EBA880E926E9F000051FA /* s_rsa1024.pfx */,
				1450A10B1ABC5E9C00A71895 /* c_rsa1024.pfx */,
				34B7662B0E8D55FE00CE4701 /* TestSelect.xib */,
				82CD7277145795AA008B9128 /* TestView.xib */,
			);
			name = Resources;
			sourceTree = "<group>";
		};
		29B97323FDCFA39411CA2CEA /* Frameworks */ = {
			isa = PBXGroup;
			children = (
				34885BE11227F66E0060DE41 /* ExternalAccessory.framework */,
				34E396620FF1D71400FBACD6 /* CoreGraphics.framework */,
				344126360FD8E8EA00C8D69C /* Security.framework */,
				344126370FD8E8EA00C8D69C /* CFNetwork.framework */,
				1DF5F4DF0D08C38300B7A737 /* UIKit.framework */,
				1D30AB110D05D00D00671497 /* Foundation.framework */,
			);
			name = Frameworks;
			sourceTree = "<group>";
		};
		342EB9E60E92600E000051FA /* Images */ = {
			isa = PBXGroup;
			children = (
				342EB9ED0E9261A3000051FA /* icon.png */,
			);
			name = Images;
			sourceTree = "<group>";
		};
		34730A09122BF68100D293CC /* Resources-iPad */ = {
			isa = PBXGroup;
			children = (
				14060BD6161D5F290077BEE0 /* Default-568h@2x.png */,
				82F883221461D37000FC801E /* TestView-iPad.xib */,
				34C618AE122C035000F60A28 /* MainWindow-iPad.xib */,
				34730A10122BF6C300D293CC /* TestSelect-iPad.xib */,
			);
			name = "Resources-iPad";
			sourceTree = "<group>";
		};
/* End PBXGroup section */

/* Begin PBXNativeTarget section */
		144B48241A78F71F00C0E06B /* container */ = {
			isa = PBXNativeTarget;
			buildConfigurationList = 144B48901A78F71F00C0E06B /* Build configuration list for PBXNativeTarget "container" */;
			buildPhases = (
				144B48251A78F71F00C0E06B /* Resources */,
				144B48321A78F71F00C0E06B /* Sources */,
				144B48381A78F71F00C0E06B /* Frameworks */,
				144B488F1A78F71F00C0E06B /* ShellScript */,
			);
			buildRules = (
			);
			dependencies = (
			);
			name = container;
			productName = container;
			productReference = 144B48931A78F71F00C0E06B /* container.app */;
			productType = "com.apple.product-type.application";
		};
/* End PBXNativeTarget section */

/* Begin PBXProject section */
		29B97313FDCFA39411CA2CEA /* Project object */ = {
			isa = PBXProject;
			attributes = {
				LastUpgradeCheck = 0510;
			};
			buildConfigurationList = C01FCF4E08A954540054247B /* Build configuration list for PBXProject "container" */;
			compatibilityVersion = "Xcode 3.2";
			developmentRegion = English;
			hasScannedForEncodings = 1;
			knownRegions = (
				en,
			);
			mainGroup = 29B97314FDCFA39411CA2CEA /* CustomTemplate */;
			projectDirPath = "";
			projectRoot = "";
			targets = (
				144B48241A78F71F00C0E06B /* container */,
			);
		};
/* End PBXProject section */

/* Begin PBXResourcesBuildPhase section */
		144B48251A78F71F00C0E06B /* Resources */ = {
			isa = PBXResourcesBuildPhase;
			buildActionMask = 2147483647;
			files = (
				144B48261A78F71F00C0E06B /* MainWindow.xib in Resources */,
				144B48271A78F71F00C0E06B /* TestSelect.xib in Resources */,
				144B48281A78F71F00C0E06B /* icon.png in Resources */,
				144B482A1A78F71F00C0E06B /* s_rsa1024.pfx in Resources */,
				1450A10C1ABC5E9C00A71895 /* c_rsa1024.pfx in Resources */,
				144B482B1A78F71F00C0E06B /* cacert.der in Resources */,
				144B482C1A78F71F00C0E06B /* TestSelect-iPad.xib in Resources */,
				144B482D1A78F71F00C0E06B /* MainWindow-iPad.xib in Resources */,
				144B482E1A78F71F00C0E06B /* TestView.xib in Resources */,
				144B482F1A78F71F00C0E06B /* TestView-iPad.xib in Resources */,
				144B48301A78F71F00C0E06B /* Default-568h@2x.png in Resources */,
				144B48311A78F71F00C0E06B /* Images.xcassets in Resources */,
			);
			runOnlyForDeploymentPostprocessing = 0;
		};
/* End PBXResourcesBuildPhase section */

/* Begin PBXShellScriptBuildPhase section */
		144B488F1A78F71F00C0E06B /* ShellScript */ = {
			isa = PBXShellScriptBuildPhase;
			buildActionMask = 12;
			files = (
			);
			inputPaths = (
			);
			outputPaths = (
			);
			runOnlyForDeploymentPostprocessing = 0;
			shellPath = /bin/sh;
			shellScript = "#\n# We don't use a CopyFile build phase here to copy the test bundles because the test\n# bundles are located in different location depending on the platform. This script\n# copies the bundles if updated and sign them.\n#\necho \"Identity: ${EXPANDED_CODE_SIGN_IDENTITY_NAME}\"\nFRAMEWORKS_PATH=\"${TARGET_BUILD_DIR}\"/\"${FRAMEWORKS_FOLDER_PATH}\"\ncd \"Bundles-${PLATFORM_NAME}\"\nfor i in `ls -d *.bundle`;\ndo\n    if [ ! -d $FRAMEWORKS_PATH/$i -o $i -nt $FRAMEWORKS_PATH/$i ];\n    then\n        echo \"Copying $i\";\n        cp -rf $i $FRAMEWORKS_PATH/;\n        if [ -n \"${EXPANDED_CODE_SIGN_IDENTITY_NAME}\" ];\n        then\n            codesign --force --sign \"${EXPANDED_CODE_SIGN_IDENTITY}\" --preserve-metadata=identifier,entitlements \"${FRAMEWORKS_PATH}/$i\";\n        fi;\n    fi;\ndone\n";
		};
/* End PBXShellScriptBuildPhase section */

/* Begin PBXSourcesBuildPhase section */
		144B48321A78F71F00C0E06B /* Sources */ = {
			isa = PBXSourcesBuildPhase;
			buildActionMask = 2147483647;
			files = (
				144B48331A78F71F00C0E06B /* main.m in Sources */,
				144B48341A78F71F00C0E06B /* AppDelegate.mm in Sources */,
				144B48351A78F71F00C0E06B /* TestViewController.mm in Sources */,
				144B48361A78F71F00C0E06B /* TestSelectController.m in Sources */,
				144B48371A78F71F00C0E06B /* TestUtil.mm in Sources */,
			);
			runOnlyForDeploymentPostprocessing = 0;
		};
/* End PBXSourcesBuildPhase section */

/* Begin XCBuildConfiguration section */
		144B48911A78F71F00C0E06B /* Debug */ = {
			isa = XCBuildConfiguration;
			buildSettings = {
				ALWAYS_SEARCH_USER_PATHS = YES;
				ASSETCATALOG_COMPILER_APPICON_NAME = AppIcon;
				ASSETCATALOG_COMPILER_LAUNCHIMAGE_NAME = LaunchImage;
				"CODE_SIGN_IDENTITY[sdk=iphoneos*]" = "iPhone Developer";
				COPY_PHASE_STRIP = NO;
				DEBUG_INFORMATION_FORMAT = "dwarf-with-dsym";
				GCC_DYNAMIC_NO_PIC = NO;
				GCC_INLINES_ARE_PRIVATE_EXTERN = NO;
				GCC_OPTIMIZATION_LEVEL = 0;
				GCC_PRECOMPILE_PREFIX_HEADER = YES;
				GCC_PREFIX_HEADER = container_Prefix.pch;
				GCC_PREPROCESSOR_DEFINITIONS = "";
				GCC_SYMBOLS_PRIVATE_EXTERN = NO;
				GCC_VERSION = "";
				HEADER_SEARCH_PATHS = (
					..,
					Classes,
					../../../../../cpp/test/include/,
				);
				INFOPLIST_FILE = "container-Info.plist";
				OTHER_CFLAGS = "";
				OTHER_LDFLAGS = "";
				PRODUCT_NAME = container;
				"PROVISIONING_PROFILE[sdk=iphoneos*]" = "";
				SDKROOT = iphoneos;
				SLICE_CPP_FLAG = "";
				SLICE_INCLUDE_PATH = "";
				STRIP_STYLE = debugging;
				TARGETED_DEVICE_FAMILY = "1,2";
			};
			name = Debug;
		};
		144B48921A78F71F00C0E06B /* Release */ = {
			isa = XCBuildConfiguration;
			buildSettings = {
				ALWAYS_SEARCH_USER_PATHS = YES;
				ASSETCATALOG_COMPILER_APPICON_NAME = AppIcon;
				ASSETCATALOG_COMPILER_LAUNCHIMAGE_NAME = LaunchImage;
				"CODE_SIGN_IDENTITY[sdk=iphoneos*]" = "iPhone Developer";
				COPY_PHASE_STRIP = NO;
				GCC_INLINES_ARE_PRIVATE_EXTERN = NO;
				GCC_PRECOMPILE_PREFIX_HEADER = YES;
				GCC_PREFIX_HEADER = container_Prefix.pch;
				GCC_PREPROCESSOR_DEFINITIONS = "";
				GCC_SYMBOLS_PRIVATE_EXTERN = NO;
				GCC_VERSION = "";
				HEADER_SEARCH_PATHS = (
					..,
					Classes,
					../../../../../cpp/test/include/,
				);
				INFOPLIST_FILE = "container-Info.plist";
				OTHER_CFLAGS = "";
				OTHER_LDFLAGS = "";
				PRODUCT_NAME = container;
				"PROVISIONING_PROFILE[sdk=iphoneos*]" = "";
				SDKROOT = iphoneos;
				SLICE_CPP_FLAG = "";
				SLICE_INCLUDE_PATH = "";
				STRIP_STYLE = debugging;
				TARGETED_DEVICE_FAMILY = "1,2";
			};
			name = Release;
		};
		C01FCF4F08A954540054247B /* Debug */ = {
			isa = XCBuildConfiguration;
			buildSettings = {
				"CODE_SIGN_IDENTITY[sdk=iphoneos*]" = "$(IDENTIFIER)";
				GCC_C_LANGUAGE_STANDARD = c99;
				GCC_WARN_ABOUT_RETURN_TYPE = YES;
				GCC_WARN_UNUSED_VARIABLE = YES;
				IPHONEOS_DEPLOYMENT_TARGET = 7.0;
				ONLY_ACTIVE_ARCH = YES;
				SDKROOT = iphoneos;
			};
			name = Debug;
		};
		C01FCF5008A954540054247B /* Release */ = {
			isa = XCBuildConfiguration;
			buildSettings = {
				"CODE_SIGN_IDENTITY[sdk=iphoneos*]" = "iPhone Developer";
				GCC_C_LANGUAGE_STANDARD = c99;
				GCC_WARN_ABOUT_RETURN_TYPE = YES;
				GCC_WARN_UNUSED_VARIABLE = YES;
				IPHONEOS_DEPLOYMENT_TARGET = 7.0;
				SDKROOT = iphoneos;
			};
			name = Release;
		};
/* End XCBuildConfiguration section */

/* Begin XCConfigurationList section */
		144B48901A78F71F00C0E06B /* Build configuration list for PBXNativeTarget "container" */ = {
			isa = XCConfigurationList;
			buildConfigurations = (
				144B48911A78F71F00C0E06B /* Debug */,
				144B48921A78F71F00C0E06B /* Release */,
			);
			defaultConfigurationIsVisible = 0;
			defaultConfigurationName = Release;
		};
		C01FCF4E08A954540054247B /* Build configuration list for PBXProject "container" */ = {
			isa = XCConfigurationList;
			buildConfigurations = (
				C01FCF4F08A954540054247B /* Debug */,
				C01FCF5008A954540054247B /* Release */,
			);
			defaultConfigurationIsVisible = 0;
			defaultConfigurationName = Release;
		};
/* End XCConfigurationList section */
	};
	rootObject = 29B97313FDCFA39411CA2CEA /* Project object */;
}
